
Microsoft Visual Studio Solution File, Format Version 12.00
# Visual Studio 14
VisualStudioVersion = 14.0.25420.1
MinimumVisualStudioVersion = 10.0.40219.1
Project("{FAE04EC0-301F-11D3-BF4B-00C04F79EFBC}") = "SwimmingPool.Web", "SwimmingPool.Web\SwimmingPool.Web.csproj", "{41152C6A-28FE-41FB-9A7D-376185AF0B8D}"
EndProject
Project("{FAE04EC0-301F-11D3-BF4B-00C04F79EFBC}") = "SwimmingPool.Specification", "SwimmingPool.Specification\SwimmingPool.Specification.csproj", "{A8FCC1DD-C1C5-4E4D-8116-747F8FCA2CBF}"
EndProject
Project("{FAE04EC0-301F-11D3-BF4B-00C04F79EFBC}") = "SwimmingPool.DB", "SwimmingPool.DB\SwimmingPool.DB.csproj", "{BAB4A525-E6D9-42BA-AEA9-5E41D3FC4FB0}"
EndProject
Global
	GlobalSection(SolutionConfigurationPlatforms) = preSolution
		Debug|Any CPU = Debug|Any CPU
		Release|Any CPU = Release|Any CPU
	EndGlobalSection
	GlobalSection(ProjectConfigurationPlatforms) = postSolution
		{41152C6A-28FE-41FB-9A7D-376185AF0B8D}.Debug|Any CPU.ActiveCfg = Debug|Any CPU
		{41152C6A-28FE-41FB-9A7D-376185AF0B8D}.Debug|Any CPU.Build.0 = Debug|Any CPU
		{41152C6A-28FE-41FB-9A7D-376185AF0B8D}.Release|Any CPU.ActiveCfg = Release|Any CPU
		{41152C6A-28FE-41FB-9A7D-376185AF0B8D}.Release|Any CPU.Build.0 = Release|Any CPU
		{A8FCC1DD-C1C5-4E4D-8116-747F8FCA2CBF}.Debug|Any CPU.ActiveCfg = Debug|Any CPU
		{A8FCC1DD-C1C5-4E4D-8116-747F8FCA2CBF}.Debug|Any CPU.Build.0 = Debug|Any CPU
		{A8FCC1DD-C1C5-4E4D-8116-747F8FCA2CBF}.Release|Any CPU.ActiveCfg = Release|Any CPU
		{A8FCC1DD-C1C5-4E4D-8116-747F8FCA2CBF}.Release|Any CPU.Build.0 = Release|Any CPU
		{BAB4A525-E6D9-42BA-AEA9-5E41D3FC4FB0}.Debug|Any CPU.ActiveCfg = Debug|Any CPU
		{BAB4A525-E6D9-42BA-AEA9-5E41D3FC4FB0}.Debug|Any CPU.Build.0 = Debug|Any CPU
		{BAB4A525-E6D9-42BA-AEA9-5E41D3FC4FB0}.Release|Any CPU.ActiveCfg = Release|Any CPU
		{BAB4A525-E6D9-42BA-AEA9-5E41D3FC4FB0}.Release|Any CPU.Build.0 = Release|Any CPU
	EndGlobalSection
	GlobalSection(SolutionProperties) = preSolution
		HideSolutionNode = FALSE
	EndGlobalSection
EndGlobal
